
Microsoft Visual Studio Solution File, Format Version 12.00
# Visual Studio 15
VisualStudioVersion = 15.0.28010.2016
MinimumVisualStudioVersion = 10.0.40219.1
Project("{FAE04EC0-301F-11D3-BF4B-00C04F79EFBC}") = "AppDAE2Demo", "AppDAE2Demo\AppDAE2Demo.csproj", "{16AE175D-A3D3-4A48-A07C-15A3AFAEA50B}"
EndProject
Global
	GlobalSection(SolutionConfigurationPlatforms) = preSolution
		Debug|Any CPU = Debug|Any CPU
		Release|Any CPU = Release|Any CPU
	EndGlobalSection
	GlobalSection(ProjectConfigurationPlatforms) = postSolution
		{16AE175D-A3D3-4A48-A07C-15A3AFAEA50B}.Debug|Any CPU.ActiveCfg = Debug|Any CPU
		{16AE175D-A3D3-4A48-A07C-15A3AFAEA50B}.Debug|Any CPU.Build.0 = Debug|Any CPU
		{16AE175D-A3D3-4A48-A07C-15A3AFAEA50B}.Release|Any CPU.ActiveCfg = Release|Any CPU
		{16AE175D-A3D3-4A48-A07C-15A3AFAEA50B}.Release|Any CPU.Build.0 = Release|Any CPU
	EndGlobalSection
	GlobalSection(SolutionProperties) = preSolution
		HideSolutionNode = FALSE
	EndGlobalSection
	GlobalSection(ExtensibilityGlobals) = postSolution
		SolutionGuid = {551378FC-7691-4D54-9671-4038C291002D}
	EndGlobalSection
EndGlobal
